
Microsoft Visual Studio Solution File, Format Version 12.00
# Visual Studio Version 17
VisualStudioVersion = 17.5.33502.453
MinimumVisualStudioVersion = 10.0.40219.1
Project("{FAE04EC0-301F-11D3-BF4B-00C04F79EFBC}") = "frm_loan", "frm_loan\frm_loan.csproj", "{CA2678D8-6B4E-4F1B-9BDB-689A13B1DB02}"
EndProject
Project("{FAE04EC0-301F-11D3-BF4B-00C04F79EFBC}") = "frm_pos", "frm_pose\frm_pos.csproj", "{CB21245C-9ECF-47F3-9D38-67E223DAADDE}"
EndProject
Project("{FAE04EC0-301F-11D3-BF4B-00C04F79EFBC}") = "frm_score", "frm_score\frm_score.csproj", "{441D2F6F-9FAF-4217-A03C-B29056A80A5E}"
EndProject
Project("{FAE04EC0-301F-11D3-BF4B-00C04F79EFBC}") = "frm_hw2", "frm_hw2\frm_hw2.csproj", "{0775BD85-88F6-4B77-9E73-302E369004F1}"
EndProject
Project("{FAE04EC0-301F-11D3-BF4B-00C04F79EFBC}") = "HW_FRM", "HW_FRM\HW_FRM.csproj", "{3F9FDC76-F542-48C9-8C1C-2C6E083CFAFC}"
EndProject
Global
	GlobalSection(SolutionConfigurationPlatforms) = preSolution
		Debug|Any CPU = Debug|Any CPU
		Release|Any CPU = Release|Any CPU
	EndGlobalSection
	GlobalSection(ProjectConfigurationPlatforms) = postSolution
		{CA2678D8-6B4E-4F1B-9BDB-689A13B1DB02}.Debug|Any CPU.ActiveCfg = Debug|Any CPU
		{CA2678D8-6B4E-4F1B-9BDB-689A13B1DB02}.Debug|Any CPU.Build.0 = Debug|Any CPU
		{CA2678D8-6B4E-4F1B-9BDB-689A13B1DB02}.Release|Any CPU.ActiveCfg = Release|Any CPU
		{CA2678D8-6B4E-4F1B-9BDB-689A13B1DB02}.Release|Any CPU.Build.0 = Release|Any CPU
		{CB21245C-9ECF-47F3-9D38-67E223DAADDE}.Debug|Any CPU.ActiveCfg = Debug|Any CPU
		{CB21245C-9ECF-47F3-9D38-67E223DAADDE}.Debug|Any CPU.Build.0 = Debug|Any CPU
		{CB21245C-9ECF-47F3-9D38-67E223DAADDE}.Release|Any CPU.ActiveCfg = Release|Any CPU
		{CB21245C-9ECF-47F3-9D38-67E223DAADDE}.Release|Any CPU.Build.0 = Release|Any CPU
		{441D2F6F-9FAF-4217-A03C-B29056A80A5E}.Debug|Any CPU.ActiveCfg = Debug|Any CPU
		{441D2F6F-9FAF-4217-A03C-B29056A80A5E}.Debug|Any CPU.Build.0 = Debug|Any CPU
		{441D2F6F-9FAF-4217-A03C-B29056A80A5E}.Release|Any CPU.ActiveCfg = Release|Any CPU
		{441D2F6F-9FAF-4217-A03C-B29056A80A5E}.Release|Any CPU.Build.0 = Release|Any CPU
		{0775BD85-88F6-4B77-9E73-302E369004F1}.Debug|Any CPU.ActiveCfg = Debug|Any CPU
		{0775BD85-88F6-4B77-9E73-302E369004F1}.Debug|Any CPU.Build.0 = Debug|Any CPU
		{0775BD85-88F6-4B77-9E73-302E369004F1}.Release|Any CPU.ActiveCfg = Release|Any CPU
		{0775BD85-88F6-4B77-9E73-302E369004F1}.Release|Any CPU.Build.0 = Release|Any CPU
		{3F9FDC76-F542-48C9-8C1C-2C6E083CFAFC}.Debug|Any CPU.ActiveCfg = Debug|Any CPU
		{3F9FDC76-F542-48C9-8C1C-2C6E083CFAFC}.Debug|Any CPU.Build.0 = Debug|Any CPU
		{3F9FDC76-F542-48C9-8C1C-2C6E083CFAFC}.Release|Any CPU.ActiveCfg = Release|Any CPU
		{3F9FDC76-F542-48C9-8C1C-2C6E083CFAFC}.Release|Any CPU.Build.0 = Release|Any CPU
	EndGlobalSection
	GlobalSection(SolutionProperties) = preSolution
		HideSolutionNode = FALSE
	EndGlobalSection
	GlobalSection(ExtensibilityGlobals) = postSolution
		SolutionGuid = {41861ED4-870F-4781-A1E4-AAF65FF389F8}
	EndGlobalSection
EndGlobal
